
Microsoft Visual Studio Solution File, Format Version 12.00
# Visual Studio Version 16
VisualStudioVersion = 16.0.32002.261
MinimumVisualStudioVersion = 10.0.40219.1
Project("{FAE04EC0-301F-11D3-BF4B-00C04F79EFBC}") = "tricount3.0", "tricount3.0\tricount3.0.csproj", "{87B73A0D-50DE-4A76-8080-9ED4BC9BD781}"
EndProject
Global
	GlobalSection(SolutionConfigurationPlatforms) = preSolution
		Debug|Any CPU = Debug|Any CPU
		Release|Any CPU = Release|Any CPU
	EndGlobalSection
	GlobalSection(ProjectConfigurationPlatforms) = postSolution
		{87B73A0D-50DE-4A76-8080-9ED4BC9BD781}.Debug|Any CPU.ActiveCfg = Debug|Any CPU
		{87B73A0D-50DE-4A76-8080-9ED4BC9BD781}.Debug|Any CPU.Build.0 = Debug|Any CPU
		{87B73A0D-50DE-4A76-8080-9ED4BC9BD781}.Release|Any CPU.ActiveCfg = Release|Any CPU
		{87B73A0D-50DE-4A76-8080-9ED4BC9BD781}.Release|Any CPU.Build.0 = Release|Any CPU
	EndGlobalSection
	GlobalSection(SolutionProperties) = preSolution
		HideSolutionNode = FALSE
	EndGlobalSection
	GlobalSection(ExtensibilityGlobals) = postSolution
		SolutionGuid = {85025CE6-F62E-480E-A6D9-EB37E62FE16C}
	EndGlobalSection
EndGlobal
